
Microsoft Visual Studio Solution File, Format Version 12.00
# Visual Studio Version 16
VisualStudioVersion = 16.6.30114.105
MinimumVisualStudioVersion = 10.0.40219.1
Project("{FAE04EC0-301F-11D3-BF4B-00C04F79EFBC}") = "NsTools.Domain", "NsTools.Domain\NsTools.Domain.csproj", "{6C581AB9-3AB6-49A8-8DA2-58007F9F069A}"
EndProject
Project("{FAE04EC0-301F-11D3-BF4B-00C04F79EFBC}") = "NsTools.Repository", "NsTools.Repository\NsTools.Repository.csproj", "{36FCB836-C54D-4477-8A25-C6C2106D84A5}"
EndProject
Project("{FAE04EC0-301F-11D3-BF4B-00C04F79EFBC}") = "NsTools.WebApi", "NsTools.WebApi\NsTools.WebApi.csproj", "{09D5CB9B-77AB-4C7B-80FE-301817995EF8}"
EndProject
Global
	GlobalSection(SolutionConfigurationPlatforms) = preSolution
		Debug|Any CPU = Debug|Any CPU
		Debug|x64 = Debug|x64
		Debug|x86 = Debug|x86
		Release|Any CPU = Release|Any CPU
		Release|x64 = Release|x64
		Release|x86 = Release|x86
	EndGlobalSection
	GlobalSection(SolutionProperties) = preSolution
		HideSolutionNode = FALSE
	EndGlobalSection
	GlobalSection(ProjectConfigurationPlatforms) = postSolution
		{6C581AB9-3AB6-49A8-8DA2-58007F9F069A}.Debug|Any CPU.ActiveCfg = Debug|Any CPU
		{6C581AB9-3AB6-49A8-8DA2-58007F9F069A}.Debug|Any CPU.Build.0 = Debug|Any CPU
		{6C581AB9-3AB6-49A8-8DA2-58007F9F069A}.Debug|x64.ActiveCfg = Debug|Any CPU
		{6C581AB9-3AB6-49A8-8DA2-58007F9F069A}.Debug|x64.Build.0 = Debug|Any CPU
		{6C581AB9-3AB6-49A8-8DA2-58007F9F069A}.Debug|x86.ActiveCfg = Debug|Any CPU
		{6C581AB9-3AB6-49A8-8DA2-58007F9F069A}.Debug|x86.Build.0 = Debug|Any CPU
		{6C581AB9-3AB6-49A8-8DA2-58007F9F069A}.Release|Any CPU.ActiveCfg = Release|Any CPU
		{6C581AB9-3AB6-49A8-8DA2-58007F9F069A}.Release|Any CPU.Build.0 = Release|Any CPU
		{6C581AB9-3AB6-49A8-8DA2-58007F9F069A}.Release|x64.ActiveCfg = Release|Any CPU
		{6C581AB9-3AB6-49A8-8DA2-58007F9F069A}.Release|x64.Build.0 = Release|Any CPU
		{6C581AB9-3AB6-49A8-8DA2-58007F9F069A}.Release|x86.ActiveCfg = Release|Any CPU
		{6C581AB9-3AB6-49A8-8DA2-58007F9F069A}.Release|x86.Build.0 = Release|Any CPU
		{36FCB836-C54D-4477-8A25-C6C2106D84A5}.Debug|Any CPU.ActiveCfg = Debug|Any CPU
		{36FCB836-C54D-4477-8A25-C6C2106D84A5}.Debug|Any CPU.Build.0 = Debug|Any CPU
		{36FCB836-C54D-4477-8A25-C6C2106D84A5}.Debug|x64.ActiveCfg = Debug|Any CPU
		{36FCB836-C54D-4477-8A25-C6C2106D84A5}.Debug|x64.Build.0 = Debug|Any CPU
		{36FCB836-C54D-4477-8A25-C6C2106D84A5}.Debug|x86.ActiveCfg = Debug|Any CPU
		{36FCB836-C54D-4477-8A25-C6C2106D84A5}.Debug|x86.Build.0 = Debug|Any CPU
		{36FCB836-C54D-4477-8A25-C6C2106D84A5}.Release|Any CPU.ActiveCfg = Release|Any CPU
		{36FCB836-C54D-4477-8A25-C6C2106D84A5}.Release|Any CPU.Build.0 = Release|Any CPU
		{36FCB836-C54D-4477-8A25-C6C2106D84A5}.Release|x64.ActiveCfg = Release|Any CPU
		{36FCB836-C54D-4477-8A25-C6C2106D84A5}.Release|x64.Build.0 = Release|Any CPU
		{36FCB836-C54D-4477-8A25-C6C2106D84A5}.Release|x86.ActiveCfg = Release|Any CPU
		{36FCB836-C54D-4477-8A25-C6C2106D84A5}.Release|x86.Build.0 = Release|Any CPU
		{09D5CB9B-77AB-4C7B-80FE-301817995EF8}.Debug|Any CPU.ActiveCfg = Debug|Any CPU
		{09D5CB9B-77AB-4C7B-80FE-301817995EF8}.Debug|Any CPU.Build.0 = Debug|Any CPU
		{09D5CB9B-77AB-4C7B-80FE-301817995EF8}.Debug|x64.ActiveCfg = Debug|Any CPU
		{09D5CB9B-77AB-4C7B-80FE-301817995EF8}.Debug|x64.Build.0 = Debug|Any CPU
		{09D5CB9B-77AB-4C7B-80FE-301817995EF8}.Debug|x86.ActiveCfg = Debug|Any CPU
		{09D5CB9B-77AB-4C7B-80FE-301817995EF8}.Debug|x86.Build.0 = Debug|Any CPU
		{09D5CB9B-77AB-4C7B-80FE-301817995EF8}.Release|Any CPU.ActiveCfg = Release|Any CPU
		{09D5CB9B-77AB-4C7B-80FE-301817995EF8}.Release|Any CPU.Build.0 = Release|Any CPU
		{09D5CB9B-77AB-4C7B-80FE-301817995EF8}.Release|x64.ActiveCfg = Release|Any CPU
		{09D5CB9B-77AB-4C7B-80FE-301817995EF8}.Release|x64.Build.0 = Release|Any CPU
		{09D5CB9B-77AB-4C7B-80FE-301817995EF8}.Release|x86.ActiveCfg = Release|Any CPU
		{09D5CB9B-77AB-4C7B-80FE-301817995EF8}.Release|x86.Build.0 = Release|Any CPU
	EndGlobalSection
EndGlobal
